schema: '2.0'
stages:
  unzip_data:
    cmd: powershell Expand-Archive -Path data.zip -DestinationPath data
    deps:
    - path: data.zip
      hash: md5
      md5: 71ae4db57042886f319d6f8af47bda7b
      size: 2689804256
    outs:
    - path: data
      hash: md5
      md5: 22b6278493ee4f7dde3a005916c83a5f.dir
      size: 17134363829
      nfiles: 168
